
Microsoft Visual Studio Solution File, Format Version 12.00
# Visual Studio 2013
VisualStudioVersion = 12.0.30723.0
MinimumVisualStudioVersion = 10.0.40219.1
Project("{FAE04EC0-301F-11D3-BF4B-00C04F79EFBC}") = "GimbalSDK.Android", "GimbalSDK.Android\GimbalSDK.Android.csproj", "{FAF0EE12-034D-48AF-BF18-ABCF11B30456}"
EndProject
Project("{FAE04EC0-301F-11D3-BF4B-00C04F79EFBC}") = "GimbalSDK.iOS-Unified", "GimbalSDK.iOS-Unified\GimbalSDK.iOS-Unified.csproj", "{9F0B077A-94F2-485F-89BA-D3DE2A2A14BA}"
EndProject
Global
	GlobalSection(SolutionConfigurationPlatforms) = preSolution
		Debug|Any CPU = Debug|Any CPU
		Release|Any CPU = Release|Any CPU
	EndGlobalSection
	GlobalSection(ProjectConfigurationPlatforms) = postSolution
		{FAF0EE12-034D-48AF-BF18-ABCF11B30456}.Debug|Any CPU.ActiveCfg = Debug|Any CPU
		{FAF0EE12-034D-48AF-BF18-ABCF11B30456}.Debug|Any CPU.Build.0 = Debug|Any CPU
		{FAF0EE12-034D-48AF-BF18-ABCF11B30456}.Release|Any CPU.ActiveCfg = Release|Any CPU
		{FAF0EE12-034D-48AF-BF18-ABCF11B30456}.Release|Any CPU.Build.0 = Release|Any CPU
		{9F0B077A-94F2-485F-89BA-D3DE2A2A14BA}.Debug|Any CPU.ActiveCfg = Debug|Any CPU
		{9F0B077A-94F2-485F-89BA-D3DE2A2A14BA}.Debug|Any CPU.Build.0 = Debug|Any CPU
		{9F0B077A-94F2-485F-89BA-D3DE2A2A14BA}.Release|Any CPU.ActiveCfg = Release|Any CPU
		{9F0B077A-94F2-485F-89BA-D3DE2A2A14BA}.Release|Any CPU.Build.0 = Release|Any CPU
	EndGlobalSection
	GlobalSection(SolutionProperties) = preSolution
		HideSolutionNode = FALSE
	EndGlobalSection
EndGlobal
